
Microsoft Visual Studio Solution File, Format Version 12.00
# Visual Studio 14
VisualStudioVersion = 14.0.25420.1
MinimumVisualStudioVersion = 10.0.40219.1
Project("{FAE04EC0-301F-11D3-BF4B-00C04F79EFBC}") = "NetMonkey", "NetMonkey\NetMonkey.csproj", "{BCE8F465-BFB7-47DD-82A9-99F83D3FBA1F}"
EndProject
Project("{2150E333-8FDC-42A3-9474-1A3956D46DE8}") = ".nuget", ".nuget", "{2F07D56E-2CA1-4B14-9312-2163274E1814}"
	ProjectSection(SolutionItems) = preProject
		.nuget\NuGet.Config = .nuget\NuGet.Config
		.nuget\NuGet.exe = .nuget\NuGet.exe
		.nuget\NuGet.targets = .nuget\NuGet.targets
	EndProjectSection
EndProject
Project("{2150E333-8FDC-42A3-9474-1A3956D46DE8}") = "Solution Items", "Solution Items", "{9FE86F2D-FE54-4012-AAB3-B3758F961FDE}"
	ProjectSection(SolutionItems) = preProject
		NetMonkey.nuspec = NetMonkey.nuspec
	EndProjectSection
EndProject
Global
	GlobalSection(SolutionConfigurationPlatforms) = preSolution
		Debug|Any CPU = Debug|Any CPU
		Release|Any CPU = Release|Any CPU
	EndGlobalSection
	GlobalSection(ProjectConfigurationPlatforms) = postSolution
		{BCE8F465-BFB7-47DD-82A9-99F83D3FBA1F}.Debug|Any CPU.ActiveCfg = Debug|Any CPU
		{BCE8F465-BFB7-47DD-82A9-99F83D3FBA1F}.Debug|Any CPU.Build.0 = Debug|Any CPU
		{BCE8F465-BFB7-47DD-82A9-99F83D3FBA1F}.Release|Any CPU.ActiveCfg = Release|Any CPU
		{BCE8F465-BFB7-47DD-82A9-99F83D3FBA1F}.Release|Any CPU.Build.0 = Release|Any CPU
	EndGlobalSection
	GlobalSection(SolutionProperties) = preSolution
		HideSolutionNode = FALSE
	EndGlobalSection
EndGlobal
